Microsoft Visual Studio Solution File, Format Version 12.00
# Visual Studio Version 17
VisualStudioVersion = 17.7.34024.191
MinimumVisualStudioVersion = 10.0.40219.1
Project("{00D1A9C2-B5F0-4AF3-8072-F6C62B433612}") = "Ess.DataLake", "src\Ess.DataLake\Ess.DataLake.sqlproj", "{26719A3D-65E4-4E19-8D45-D4B388D20982}"
EndProject
Project("{C9674DCB-5085-4A16-B785-4C70DD1589BD}") = "Ess.Integration.Services", "src\Ess.Integration.Services\Ess.Integration.Services.dtproj", "{F51C1882-C9F8-4E5E-98B6-33FD4A265627}"
EndProject
Global
	GlobalSection(SolutionConfigurationPlatforms) = preSolution
		Debug|Any CPU = Debug|Any CPU
		Development|Any CPU = Development|Any CPU
		Release|Any CPU = Release|Any CPU
	EndGlobalSection
	GlobalSection(ProjectConfigurationPlatforms) = postSolution
		{26719A3D-65E4-4E19-8D45-D4B388D20982}.Debug|Any CPU.ActiveCfg = Debug|Any CPU
		{26719A3D-65E4-4E19-8D45-D4B388D20982}.Debug|Any CPU.Build.0 = Debug|Any CPU
		{26719A3D-65E4-4E19-8D45-D4B388D20982}.Debug|Any CPU.Deploy.0 = Debug|Any CPU
		{26719A3D-65E4-4E19-8D45-D4B388D20982}.Development|Any CPU.ActiveCfg = Debug|Any CPU
		{26719A3D-65E4-4E19-8D45-D4B388D20982}.Development|Any CPU.Build.0 = Debug|Any CPU
		{26719A3D-65E4-4E19-8D45-D4B388D20982}.Development|Any CPU.Deploy.0 = Debug|Any CPU
		{26719A3D-65E4-4E19-8D45-D4B388D20982}.Release|Any CPU.ActiveCfg = Release|Any CPU
		{26719A3D-65E4-4E19-8D45-D4B388D20982}.Release|Any CPU.Build.0 = Release|Any CPU
		{26719A3D-65E4-4E19-8D45-D4B388D20982}.Release|Any CPU.Deploy.0 = Release|Any CPU
		{F51C1882-C9F8-4E5E-98B6-33FD4A265627}.Debug|Any CPU.ActiveCfg = Development
		{F51C1882-C9F8-4E5E-98B6-33FD4A265627}.Debug|Any CPU.Build.0 = Development
		{F51C1882-C9F8-4E5E-98B6-33FD4A265627}.Development|Any CPU.ActiveCfg = Development
		{F51C1882-C9F8-4E5E-98B6-33FD4A265627}.Development|Any CPU.Build.0 = Development
		{F51C1882-C9F8-4E5E-98B6-33FD4A265627}.Release|Any CPU.ActiveCfg = Development
		{F51C1882-C9F8-4E5E-98B6-33FD4A265627}.Release|Any CPU.Build.0 = Development
	EndGlobalSection
	GlobalSection(SolutionProperties) = preSolution
		HideSolutionNode = FALSE
	EndGlobalSection
	GlobalSection(ExtensibilityGlobals) = postSolution
		SolutionGuid = {7D5004E0-7851-4862-B972-629175A39F4E}
	EndGlobalSection
EndGlobal
